
Microsoft Visual Studio Solution File, Format Version 12.00
# Visual Studio 15
VisualStudioVersion = 15.0.28307.539
MinimumVisualStudioVersion = 10.0.40219.1
Project("{FAE04EC0-301F-11D3-BF4B-00C04F79EFBC}") = "EmployeeManagementApp", "EmployeeManagementApp\EmployeeManagementApp.csproj", "{77B6CBDD-7FA6-4BA3-A60E-06852031D1B8}"
EndProject
Global
	GlobalSection(SolutionConfigurationPlatforms) = preSolution
		Debug|Any CPU = Debug|Any CPU
		Release|Any CPU = Release|Any CPU
	EndGlobalSection
	GlobalSection(ProjectConfigurationPlatforms) = postSolution
		{77B6CBDD-7FA6-4BA3-A60E-06852031D1B8}.Debug|Any CPU.ActiveCfg = Debug|Any CPU
		{77B6CBDD-7FA6-4BA3-A60E-06852031D1B8}.Debug|Any CPU.Build.0 = Debug|Any CPU
		{77B6CBDD-7FA6-4BA3-A60E-06852031D1B8}.Release|Any CPU.ActiveCfg = Release|Any CPU
		{77B6CBDD-7FA6-4BA3-A60E-06852031D1B8}.Release|Any CPU.Build.0 = Release|Any CPU
	EndGlobalSection
	GlobalSection(SolutionProperties) = preSolution
		HideSolutionNode = FALSE
	EndGlobalSection
	GlobalSection(ExtensibilityGlobals) = postSolution
		SolutionGuid = {483C8547-D690-4B8F-99B9-8F12AA6ADE07}
	EndGlobalSection
EndGlobal
